
Microsoft Visual Studio Solution File, Format Version 12.00
# Visual Studio Version 17
VisualStudioVersion = 17.7.34024.191
MinimumVisualStudioVersion = 10.0.40219.1
Project("{9A19103F-16F7-4668-BE54-9A1E7A4F7556}") = "CopiloDemoWebApp", "CopiloDemoWebApp\CopiloDemoWebApp.csproj", "{ADDE795C-29C4-4232-95C3-E75CF2D037BF}"
EndProject
Project("{9A19103F-16F7-4668-BE54-9A1E7A4F7556}") = "Core", "Core\Core.csproj", "{0AC14749-379A-47CC-BE02-65DCCF15A6B0}"
EndProject
Project("{9A19103F-16F7-4668-BE54-9A1E7A4F7556}") = "DataAccessLayer", "DataAccessLayer\DataAccessLayer.csproj", "{728AFBD9-87BE-4294-8467-D962E2C052F8}"
EndProject
Project("{9A19103F-16F7-4668-BE54-9A1E7A4F7556}") = "UnitTests", "UnitTests\UnitTests.csproj", "{2FCFE3FD-1381-4800-9D99-E5D9E1959F23}"
EndProject
Project("{FAE04EC0-301F-11D3-BF4B-00C04F79EFBC}") = "CopilotWebApiDemo", "CopilotWebApiDemo\CopilotWebApiDemo.csproj", "{6C6E2DAB-5610-4AF7-8912-7B15FC8A24C6}"
EndProject
Global
	GlobalSection(SolutionConfigurationPlatforms) = preSolution
		Debug|Any CPU = Debug|Any CPU
		Release|Any CPU = Release|Any CPU
	EndGlobalSection
	GlobalSection(ProjectConfigurationPlatforms) = postSolution
		{ADDE795C-29C4-4232-95C3-E75CF2D037BF}.Debug|Any CPU.ActiveCfg = Debug|Any CPU
		{ADDE795C-29C4-4232-95C3-E75CF2D037BF}.Debug|Any CPU.Build.0 = Debug|Any CPU
		{ADDE795C-29C4-4232-95C3-E75CF2D037BF}.Release|Any CPU.ActiveCfg = Release|Any CPU
		{ADDE795C-29C4-4232-95C3-E75CF2D037BF}.Release|Any CPU.Build.0 = Release|Any CPU
		{0AC14749-379A-47CC-BE02-65DCCF15A6B0}.Debug|Any CPU.ActiveCfg = Debug|Any CPU
		{0AC14749-379A-47CC-BE02-65DCCF15A6B0}.Debug|Any CPU.Build.0 = Debug|Any CPU
		{0AC14749-379A-47CC-BE02-65DCCF15A6B0}.Release|Any CPU.ActiveCfg = Release|Any CPU
		{0AC14749-379A-47CC-BE02-65DCCF15A6B0}.Release|Any CPU.Build.0 = Release|Any CPU
		{728AFBD9-87BE-4294-8467-D962E2C052F8}.Debug|Any CPU.ActiveCfg = Debug|Any CPU
		{728AFBD9-87BE-4294-8467-D962E2C052F8}.Debug|Any CPU.Build.0 = Debug|Any CPU
		{728AFBD9-87BE-4294-8467-D962E2C052F8}.Release|Any CPU.ActiveCfg = Release|Any CPU
		{728AFBD9-87BE-4294-8467-D962E2C052F8}.Release|Any CPU.Build.0 = Release|Any CPU
		{2FCFE3FD-1381-4800-9D99-E5D9E1959F23}.Debug|Any CPU.ActiveCfg = Debug|Any CPU
		{2FCFE3FD-1381-4800-9D99-E5D9E1959F23}.Debug|Any CPU.Build.0 = Debug|Any CPU
		{2FCFE3FD-1381-4800-9D99-E5D9E1959F23}.Release|Any CPU.ActiveCfg = Release|Any CPU
		{2FCFE3FD-1381-4800-9D99-E5D9E1959F23}.Release|Any CPU.Build.0 = Release|Any CPU
		{6C6E2DAB-5610-4AF7-8912-7B15FC8A24C6}.Debug|Any CPU.ActiveCfg = Debug|Any CPU
		{6C6E2DAB-5610-4AF7-8912-7B15FC8A24C6}.Debug|Any CPU.Build.0 = Debug|Any CPU
		{6C6E2DAB-5610-4AF7-8912-7B15FC8A24C6}.Release|Any CPU.ActiveCfg = Release|Any CPU
		{6C6E2DAB-5610-4AF7-8912-7B15FC8A24C6}.Release|Any CPU.Build.0 = Release|Any CPU
	EndGlobalSection
	GlobalSection(SolutionProperties) = preSolution
		HideSolutionNode = FALSE
	EndGlobalSection
	GlobalSection(ExtensibilityGlobals) = postSolution
		SolutionGuid = {A540207C-D7D9-40AC-8B57-B2C6C913C64C}
	EndGlobalSection
EndGlobal
